
Microsoft Visual Studio Solution File, Format Version 12.00
# Visual Studio Version 16
VisualStudioVersion = 16.0.29306.81
MinimumVisualStudioVersion = 10.0.40219.1
Project("{FAE04EC0-301F-11D3-BF4B-00C04F79EFBC}") = "EmailNotifier", "EmailNotifier\EmailNotifier.csproj", "{CD7533D6-3B3D-457B-A788-2ACBA40F26D1}"
EndProject
Global
	GlobalSection(SolutionConfigurationPlatforms) = preSolution
		Debug|Any CPU = Debug|Any CPU
		Release|Any CPU = Release|Any CPU
	EndGlobalSection
	GlobalSection(ProjectConfigurationPlatforms) = postSolution
		{CD7533D6-3B3D-457B-A788-2ACBA40F26D1}.Debug|Any CPU.ActiveCfg = Debug|Any CPU
		{CD7533D6-3B3D-457B-A788-2ACBA40F26D1}.Debug|Any CPU.Build.0 = Debug|Any CPU
		{CD7533D6-3B3D-457B-A788-2ACBA40F26D1}.Release|Any CPU.ActiveCfg = Release|Any CPU
		{CD7533D6-3B3D-457B-A788-2ACBA40F26D1}.Release|Any CPU.Build.0 = Release|Any CPU
	EndGlobalSection
	GlobalSection(SolutionProperties) = preSolution
		HideSolutionNode = FALSE
	EndGlobalSection
	GlobalSection(ExtensibilityGlobals) = postSolution
		SolutionGuid = {BA49011D-3005-4D2D-BE71-4E59FDFDFF52}
	EndGlobalSection
EndGlobal
